
Microsoft Visual Studio Solution File, Format Version 12.00
# Visual Studio 15
VisualStudioVersion = 15.0.27004.2010
MinimumVisualStudioVersion = 10.0.40219.1
Project("{FAE04EC0-301F-11D3-BF4B-00C04F79EFBC}") = "Graph", "Graph\Graph.csproj", "{68FBCD82-F6F1-4326-BEA6-5A479E28F971}"
EndProject
Global
	GlobalSection(SolutionConfigurationPlatforms) = preSolution
		Debug|Any CPU = Debug|Any CPU
		Release|Any CPU = Release|Any CPU
	EndGlobalSection
	GlobalSection(ProjectConfigurationPlatforms) = postSolution
		{68FBCD82-F6F1-4326-BEA6-5A479E28F971}.Debug|Any CPU.ActiveCfg = Debug|Any CPU
		{68FBCD82-F6F1-4326-BEA6-5A479E28F971}.Debug|Any CPU.Build.0 = Debug|Any CPU
		{68FBCD82-F6F1-4326-BEA6-5A479E28F971}.Release|Any CPU.ActiveCfg = Release|Any CPU
		{68FBCD82-F6F1-4326-BEA6-5A479E28F971}.Release|Any CPU.Build.0 = Release|Any CPU
	EndGlobalSection
	GlobalSection(SolutionProperties) = preSolution
		HideSolutionNode = FALSE
	EndGlobalSection
	GlobalSection(ExtensibilityGlobals) = postSolution
		SolutionGuid = {531D5616-19AC-43F3-A262-329AE761B046}
	EndGlobalSection
EndGlobal
